// !$*UTF8*$!
{
	archiveVersion = 1;
	classes = {
	};
	objectVersion = 56;
	objects = {

/* Begin PBXBuildFile section */
		042D80432CCB4BB60042D18E /* NewsTabView.swift in Sources */ = {isa = PBXBuildFile; fileRef = 042D80422CCB4BB60042D18E /* NewsTabView.swift */; };
		042D80452CCB514F0042D18E /* EmptyPlaceholderView.swift in Sources */ = {isa = PBXBuildFile; fileRef = 042D80442CCB514F0042D18E /* EmptyPlaceholderView.swift */; };
		042D80472CCB58F60042D18E /* RetryView.swift in Sources */ = {isa = PBXBuildFile; fileRef = 042D80462CCB58F60042D18E /* RetryView.swift */; };
		042D80492CCB6B0A0042D18E /* ArticleBookmarkViewModel.swift in Sources */ = {isa = PBXBuildFile; fileRef = 042D80482CCB6B0A0042D18E /* ArticleBookmarkViewModel.swift */; };
		042D804C2CCB75990042D18E /* BookmarkTabView.swift in Sources */ = {isa = PBXBuildFile; fileRef = 042D804B2CCB75990042D18E /* BookmarkTabView.swift */; };
		042DBE352CCA8299001CB7BA /* SafariView.swift in Sources */ = {isa = PBXBuildFile; fileRef = 042DBE342CCA8299001CB7BA /* SafariView.swift */; };
		042DBE382CCAABFD001CB7BA /* NewsAPI.swift in Sources */ = {isa = PBXBuildFile; fileRef = 042DBE372CCAABFD001CB7BA /* NewsAPI.swift */; };
		042DBE3A2CCAACEE001CB7BA /* Category.swift in Sources */ = {isa = PBXBuildFile; fileRef = 042DBE392CCAACEE001CB7BA /* Category.swift */; };
		042DBE3D2CCAB19E001CB7BA /* ArticleNewsViewModel.swift in Sources */ = {isa = PBXBuildFile; fileRef = 042DBE3C2CCAB19E001CB7BA /* ArticleNewsViewModel.swift */; };
		047F239B2CCA7A250047E7BD /* ArticleListView.swift in Sources */ = {isa = PBXBuildFile; fileRef = 047F239A2CCA7A250047E7BD /* ArticleListView.swift */; };
		048511D82CC6531E001430DB /* NewsAPIResponse.swift in Sources */ = {isa = PBXBuildFile; fileRef = 048511D72CC6531E001430DB /* NewsAPIResponse.swift */; };
		048511DB2CC65522001430DB /* ArticleRowView.swift in Sources */ = {isa = PBXBuildFile; fileRef = 048511DA2CC65522001430DB /* ArticleRowView.swift */; };
		04BEA5142CC613770011EFFD /* SPNewsArticleReaderApp.swift in Sources */ = {isa = PBXBuildFile; fileRef = 04BEA5132CC613770011EFFD /* SPNewsArticleReaderApp.swift */; };
		04BEA5162CC613770011EFFD /* ContentView.swift in Sources */ = {isa = PBXBuildFile; fileRef = 04BEA5152CC613770011EFFD /* ContentView.swift */; };
		04BEA5182CC6137B0011EFFD /* Assets.xcassets in Resources */ = {isa = PBXBuildFile; fileRef = 04BEA5172CC6137B0011EFFD /* Assets.xcassets */; };
		04BEA51B2CC6137B0011EFFD /* Preview Assets.xcassets in Resources */ = {isa = PBXBuildFile; fileRef = 04BEA51A2CC6137B0011EFFD /* Preview Assets.xcassets */; };
		04BEA5222CC626CB0011EFFD /* news.json in Resources */ = {isa = PBXBuildFile; fileRef = 04BEA5212CC626CA0011EFFD /* news.json */; };
		04BEA5252CC628C30011EFFD /* Article.swift in Sources */ = {isa = PBXBuildFile; fileRef = 04BEA5242CC628C30011EFFD /* Article.swift */; };
/* End PBXBuildFile section */

/* Begin PBXFileReference section */
		042D80422CCB4BB60042D18E /* NewsTabView.swift */ = {isa = PBXFileReference; lastKnownFileType = sourcecode.swift; path = NewsTabView.swift; sourceTree = "<group>"; };
		042D80442CCB514F0042D18E /* EmptyPlaceholderView.swift */ = {isa = PBXFileReference; lastKnownFileType = sourcecode.swift; path = EmptyPlaceholderView.swift; sourceTree = "<group>"; };
		042D80462CCB58F60042D18E /* RetryView.swift */ = {isa = PBXFileReference; lastKnownFileType = sourcecode.swift; path = RetryView.swift; sourceTree = "<group>"; };
		042D80482CCB6B0A0042D18E /* ArticleBookmarkViewModel.swift */ = {isa = PBXFileReference; lastKnownFileType = sourcecode.swift; path = ArticleBookmarkViewModel.swift; sourceTree = "<group>"; };
		042D804B2CCB75990042D18E /* BookmarkTabView.swift */ = {isa = PBXFileReference; lastKnownFileType = sourcecode.swift; path = BookmarkTabView.swift; sourceTree = "<group>"; };
		042DBE342CCA8299001CB7BA /* SafariView.swift */ = {isa = PBXFileReference; lastKnownFileType = sourcecode.swift; path = SafariView.swift; sourceTree = "<group>"; };
		042DBE372CCAABFD001CB7BA /* NewsAPI.swift */ = {isa = PBXFileReference; lastKnownFileType = sourcecode.swift; path = NewsAPI.swift; sourceTree = "<group>"; };
		042DBE392CCAACEE001CB7BA /* Category.swift */ = {isa = PBXFileReference; lastKnownFileType = sourcecode.swift; path = Category.swift; sourceTree = "<group>"; };
		042DBE3C2CCAB19E001CB7BA /* ArticleNewsViewModel.swift */ = {isa = PBXFileReference; lastKnownFileType = sourcecode.swift; path = ArticleNewsViewModel.swift; sourceTree = "<group>"; };
		046A32D02CCA74A20069E252 /* Info.plist */ = {isa = PBXFileReference; lastKnownFileType = text.plist; path = Info.plist; sourceTree = "<group>"; };
		047F239A2CCA7A250047E7BD /* ArticleListView.swift */ = {isa = PBXFileReference; lastKnownFileType = sourcecode.swift; path = ArticleListView.swift; sourceTree = "<group>"; };
		048511D72CC6531E001430DB /* NewsAPIResponse.swift */ = {isa = PBXFileReference; lastKnownFileType = sourcecode.swift; path = NewsAPIResponse.swift; sourceTree = "<group>"; };
		048511DA2CC65522001430DB /* ArticleRowView.swift */ = {isa = PBXFileReference; lastKnownFileType = sourcecode.swift; path = ArticleRowView.swift; sourceTree = "<group>"; };
		04BEA5102CC613770011EFFD /* SPNewsArticleReader.app */ = {isa = PBXFileReference; explicitFileType = wrapper.application; includeInIndex = 0; path = SPNewsArticleReader.app; sourceTree = BUILT_PRODUCTS_DIR; };
		04BEA5132CC613770011EFFD /* SPNewsArticleReaderApp.swift */ = {isa = PBXFileReference; lastKnownFileType = sourcecode.swift; path = SPNewsArticleReaderApp.swift; sourceTree = "<group>"; };
		04BEA5152CC613770011EFFD /* ContentView.swift */ = {isa = PBXFileReference; lastKnownFileType = sourcecode.swift; path = ContentView.swift; sourceTree = "<group>"; };
		04BEA5172CC6137B0011EFFD /* Assets.xcassets */ = {isa = PBXFileReference; lastKnownFileType = folder.assetcatalog; path = Assets.xcassets; sourceTree = "<group>"; };
		04BEA51A2CC6137B0011EFFD /* Preview Assets.xcassets */ = {isa = PBXFileReference; lastKnownFileType = folder.assetcatalog; path = "Preview Assets.xcassets"; sourceTree = "<group>"; };
		04BEA5212CC626CA0011EFFD /* news.json */ = {isa = PBXFileReference; lastKnownFileType = text.json; path = news.json; sourceTree = "<group>"; };
		04BEA5242CC628C30011EFFD /* Article.swift */ = {isa = PBXFileReference; lastKnownFileType = sourcecode.swift; path = Article.swift; sourceTree = "<group>"; };
/* End PBXFileReference section */

/* Begin PBXFrameworksBuildPhase section */
		04BEA50D2CC613770011EFFD /* Frameworks */ = {
			isa = PBXFrameworksBuildPhase;
			buildActionMask = 2147483647;
			files = (
			);
			runOnlyForDeploymentPostprocessing = 0;
		};
/* End PBXFrameworksBuildPhase section */

/* Begin PBXGroup section */
		042D804A2CCB75790042D18E /* Bookmark */ = {
			isa = PBXGroup;
			children = (
				042D804B2CCB75990042D18E /* BookmarkTabView.swift */,
			);
			path = Bookmark;
			sourceTree = "<group>";
		};
		042DBE362CCAABE4001CB7BA /* API */ = {
			isa = PBXGroup;
			children = (
				042DBE372CCAABFD001CB7BA /* NewsAPI.swift */,
			);
			path = API;
			sourceTree = "<group>";
		};
		042DBE3B2CCAB16B001CB7BA /* ViewModel */ = {
			isa = PBXGroup;
			children = (
				042DBE3C2CCAB19E001CB7BA /* ArticleNewsViewModel.swift */,
				042D80482CCB6B0A0042D18E /* ArticleBookmarkViewModel.swift */,
			);
			path = ViewModel;
			sourceTree = "<group>";
		};
		048511D92CC65508001430DB /* Views */ = {
			isa = PBXGroup;
			children = (
				042D804A2CCB75790042D18E /* Bookmark */,
				048511DA2CC65522001430DB /* ArticleRowView.swift */,
				047F239A2CCA7A250047E7BD /* ArticleListView.swift */,
				042D80422CCB4BB60042D18E /* NewsTabView.swift */,
				042DBE342CCA8299001CB7BA /* SafariView.swift */,
				042D80442CCB514F0042D18E /* EmptyPlaceholderView.swift */,
				042D80462CCB58F60042D18E /* RetryView.swift */,
			);
			path = Views;
			sourceTree = "<group>";
		};
		04BEA5072CC613770011EFFD = {
			isa = PBXGroup;
			children = (
				04BEA5122CC613770011EFFD /* SPNewsArticleReader */,
				04BEA5112CC613770011EFFD /* Products */,
			);
			sourceTree = "<group>";
		};
		04BEA5112CC613770011EFFD /* Products */ = {
			isa = PBXGroup;
			children = (
				04BEA5102CC613770011EFFD /* SPNewsArticleReader.app */,
			);
			name = Products;
			sourceTree = "<group>";
		};
		04BEA5122CC613770011EFFD /* SPNewsArticleReader */ = {
			isa = PBXGroup;
			children = (
				046A32D02CCA74A20069E252 /* Info.plist */,
				04BEA5132CC613770011EFFD /* SPNewsArticleReaderApp.swift */,
				04BEA5152CC613770011EFFD /* ContentView.swift */,
				04BEA5172CC6137B0011EFFD /* Assets.xcassets */,
				04BEA5212CC626CA0011EFFD /* news.json */,
				042DBE3B2CCAB16B001CB7BA /* ViewModel */,
				042DBE362CCAABE4001CB7BA /* API */,
				048511D92CC65508001430DB /* Views */,
				04BEA5232CC627110011EFFD /* Models */,
				04BEA5192CC6137B0011EFFD /* Preview Content */,
			);
			path = SPNewsArticleReader;
			sourceTree = "<group>";
		};
		04BEA5192CC6137B0011EFFD /* Preview Content */ = {
			isa = PBXGroup;
			children = (
				04BEA51A2CC6137B0011EFFD /* Preview Assets.xcassets */,
			);
			path = "Preview Content";
			sourceTree = "<group>";
		};
		04BEA5232CC627110011EFFD /* Models */ = {
			isa = PBXGroup;
			children = (
				04BEA5242CC628C30011EFFD /* Article.swift */,
				042DBE392CCAACEE001CB7BA /* Category.swift */,
				048511D72CC6531E001430DB /* NewsAPIResponse.swift */,
			);
			path = Models;
			sourceTree = "<group>";
		};
/* End PBXGroup section */

/* Begin PBXNativeTarget section */
		04BEA50F2CC613770011EFFD /* SPNewsArticleReader */ = {
			isa = PBXNativeTarget;
			buildConfigurationList = 04BEA51E2CC6137B0011EFFD /* Build configuration list for PBXNativeTarget "SPNewsArticleReader" */;
			buildPhases = (
				04BEA50C2CC613770011EFFD /* Sources */,
				04BEA50D2CC613770011EFFD /* Frameworks */,
				04BEA50E2CC613770011EFFD /* Resources */,
			);
			buildRules = (
			);
			dependencies = (
			);
			name = SPNewsArticleReader;
			productName = SPNewsArticleReader;
			productReference = 04BEA5102CC613770011EFFD /* SPNewsArticleReader.app */;
			productType = "com.apple.product-type.application";
		};
/* End PBXNativeTarget section */

/* Begin PBXProject section */
		04BEA5082CC613770011EFFD /* Project object */ = {
			isa = PBXProject;
			attributes = {
				BuildIndependentTargetsInParallel = 1;
				LastSwiftUpdateCheck = 1520;
				LastUpgradeCheck = 1520;
				TargetAttributes = {
					04BEA50F2CC613770011EFFD = {
						CreatedOnToolsVersion = 15.2;
					};
				};
			};
			buildConfigurationList = 04BEA50B2CC613770011EFFD /* Build configuration list for PBXProject "SPNewsArticleReader" */;
			compatibilityVersion = "Xcode 14.0";
			developmentRegion = en;
			hasScannedForEncodings = 0;
			knownRegions = (
				en,
				Base,
			);
			mainGroup = 04BEA5072CC613770011EFFD;
			productRefGroup = 04BEA5112CC613770011EFFD /* Products */;
			projectDirPath = "";
			projectRoot = "";
			targets = (
				04BEA50F2CC613770011EFFD /* SPNewsArticleReader */,
			);
		};
/* End PBXProject section */

/* Begin PBXResourcesBuildPhase section */
		04BEA50E2CC613770011EFFD /* Resources */ = {
			isa = PBXResourcesBuildPhase;
			buildActionMask = 2147483647;
			files = (
				04BEA5222CC626CB0011EFFD /* news.json in Resources */,
				04BEA51B2CC6137B0011EFFD /* Preview Assets.xcassets in Resources */,
				04BEA5182CC6137B0011EFFD /* Assets.xcassets in Resources */,
			);
			runOnlyForDeploymentPostprocessing = 0;
		};
/* End PBXResourcesBuildPhase section */

/* Begin PBXSourcesBuildPhase section */
		04BEA50C2CC613770011EFFD /* Sources */ = {
			isa = PBXSourcesBuildPhase;
			buildActionMask = 2147483647;
			files = (
				04BEA5162CC613770011EFFD /* ContentView.swift in Sources */,
				047F239B2CCA7A250047E7BD /* ArticleListView.swift in Sources */,
				042D80452CCB514F0042D18E /* EmptyPlaceholderView.swift in Sources */,
				048511DB2CC65522001430DB /* ArticleRowView.swift in Sources */,
				042D80472CCB58F60042D18E /* RetryView.swift in Sources */,
				04BEA5142CC613770011EFFD /* SPNewsArticleReaderApp.swift in Sources */,
				048511D82CC6531E001430DB /* NewsAPIResponse.swift in Sources */,
				042DBE3A2CCAACEE001CB7BA /* Category.swift in Sources */,
				042DBE3D2CCAB19E001CB7BA /* ArticleNewsViewModel.swift in Sources */,
				042D80492CCB6B0A0042D18E /* ArticleBookmarkViewModel.swift in Sources */,
				042D80432CCB4BB60042D18E /* NewsTabView.swift in Sources */,
				04BEA5252CC628C30011EFFD /* Article.swift in Sources */,
				042DBE352CCA8299001CB7BA /* SafariView.swift in Sources */,
				042DBE382CCAABFD001CB7BA /* NewsAPI.swift in Sources */,
				042D804C2CCB75990042D18E /* BookmarkTabView.swift in Sources */,
			);
			runOnlyForDeploymentPostprocessing = 0;
		};
/* End PBXSourcesBuildPhase section */

/* Begin XCBuildConfiguration section */
		04BEA51C2CC6137B0011EFFD /* Debug */ = {
			isa = XCBuildConfiguration;
			buildSettings = {
				ALWAYS_SEARCH_USER_PATHS = NO;
				ASSETCATALOG_COMPILER_GENERATE_SWIFT_ASSET_SYMBOL_EXTENSIONS = YES;
				CLANG_ANALYZER_NONNULL = YES;
				CLANG_ANALYZER_NUMBER_OBJECT_CONVERSION = YES_AGGRESSIVE;
				CLANG_CXX_LANGUAGE_STANDARD = "gnu++20";
				CLANG_ENABLE_MODULES = YES;
				CLANG_ENABLE_OBJC_ARC = YES;
				CLANG_ENABLE_OBJC_WEAK = YES;
				CLANG_WARN_BLOCK_CAPTURE_AUTORELEASING = YES;
				CLANG_WARN_BOOL_CONVERSION = YES;
				CLANG_WARN_COMMA = YES;
				CLANG_WARN_CONSTANT_CONVERSION = YES;
				CLANG_WARN_DEPRECATED_OBJC_IMPLEMENTATIONS = YES;
				CLANG_WARN_DIRECT_OBJC_ISA_USAGE = YES_ERROR;
				CLANG_WARN_DOCUMENTATION_COMMENTS = YES;
				CLANG_WARN_EMPTY_BODY = YES;
				CLANG_WARN_ENUM_CONVERSION = YES;
				CLANG_WARN_INFINITE_RECURSION = YES;
				CLANG_WARN_INT_CONVERSION = YES;
				CLANG_WARN_NON_LITERAL_NULL_CONVERSION = YES;
				CLANG_WARN_OBJC_IMPLICIT_RETAIN_SELF = YES;
				CLANG_WARN_OBJC_LITERAL_CONVERSION = YES;
				CLANG_WARN_OBJC_ROOT_CLASS = YES_ERROR;
				CLANG_WARN_QUOTED_INCLUDE_IN_FRAMEWORK_HEADER = YES;
				CLANG_WARN_RANGE_LOOP_ANALYSIS = YES;
				CLANG_WARN_STRICT_PROTOTYPES = YES;
				CLANG_WARN_SUSPICIOUS_MOVE = YES;
				CLANG_WARN_UNGUARDED_AVAILABILITY = YES_AGGRESSIVE;
				CLANG_WARN_UNREACHABLE_CODE = YES;
				CLANG_WARN__DUPLICATE_METHOD_MATCH = YES;
				COPY_PHASE_STRIP = NO;
				DEBUG_INFORMATION_FORMAT = dwarf;
				ENABLE_STRICT_OBJC_MSGSEND = YES;
				ENABLE_TESTABILITY = YES;
				ENABLE_USER_SCRIPT_SANDBOXING = YES;
				GCC_C_LANGUAGE_STANDARD = gnu17;
				GCC_DYNAMIC_NO_PIC = NO;
				GCC_NO_COMMON_BLOCKS = YES;
				GCC_OPTIMIZATION_LEVEL = 0;
				GCC_PREPROCESSOR_DEFINITIONS = (
					"DEBUG=1",
					"$(inherited)",
				);
				GCC_WARN_64_TO_32_BIT_CONVERSION = YES;
				GCC_WARN_ABOUT_RETURN_TYPE = YES_ERROR;
				GCC_WARN_UNDECLARED_SELECTOR = YES;
				GCC_WARN_UNINITIALIZED_AUTOS = YES_AGGRESSIVE;
				GCC_WARN_UNUSED_FUNCTION = YES;
				GCC_WARN_UNUSED_VARIABLE = YES;
				IPHONEOS_DEPLOYMENT_TARGET = 17.2;
				LOCALIZATION_PREFERS_STRING_CATALOGS = YES;
				MTL_ENABLE_DEBUG_INFO = INCLUDE_SOURCE;
				MTL_FAST_MATH = YES;
				ONLY_ACTIVE_ARCH = YES;
				SDKROOT = iphoneos;
				SWIFT_ACTIVE_COMPILATION_CONDITIONS = "DEBUG $(inherited)";
				SWIFT_OPTIMIZATION_LEVEL = "-Onone";
			};
			name = Debug;
		};
		04BEA51D2CC6137B0011EFFD /* Release */ = {
			isa = XCBuildConfiguration;
			buildSettings = {
				ALWAYS_SEARCH_USER_PATHS = NO;
				ASSETCATALOG_COMPILER_GENERATE_SWIFT_ASSET_SYMBOL_EXTENSIONS = YES;
				CLANG_ANALYZER_NONNULL = YES;
				CLANG_ANALYZER_NUMBER_OBJECT_CONVERSION = YES_AGGRESSIVE;
				CLANG_CXX_LANGUAGE_STANDARD = "gnu++20";
				CLANG_ENABLE_MODULES = YES;
				CLANG_ENABLE_OBJC_ARC = YES;
				CLANG_ENABLE_OBJC_WEAK = YES;
				CLANG_WARN_BLOCK_CAPTURE_AUTORELEASING = YES;
				CLANG_WARN_BOOL_CONVERSION = YES;
				CLANG_WARN_COMMA = YES;
				CLANG_WARN_CONSTANT_CONVERSION = YES;
				CLANG_WARN_DEPRECATED_OBJC_IMPLEMENTATIONS = YES;
				CLANG_WARN_DIRECT_OBJC_ISA_USAGE = YES_ERROR;
				CLANG_WARN_DOCUMENTATION_COMMENTS = YES;
				CLANG_WARN_EMPTY_BODY = YES;
				CLANG_WARN_ENUM_CONVERSION = YES;
				CLANG_WARN_INFINITE_RECURSION = YES;
				CLANG_WARN_INT_CONVERSION = YES;
				CLANG_WARN_NON_LITERAL_NULL_CONVERSION = YES;
				CLANG_WARN_OBJC_IMPLICIT_RETAIN_SELF = YES;
				CLANG_WARN_OBJC_LITERAL_CONVERSION = YES;
				CLANG_WARN_OBJC_ROOT_CLASS = YES_ERROR;
				CLANG_WARN_QUOTED_INCLUDE_IN_FRAMEWORK_HEADER = YES;
				CLANG_WARN_RANGE_LOOP_ANALYSIS = YES;
				CLANG_WARN_STRICT_PROTOTYPES = YES;
				CLANG_WARN_SUSPICIOUS_MOVE = YES;
				CLANG_WARN_UNGUARDED_AVAILABILITY = YES_AGGRESSIVE;
				CLANG_WARN_UNREACHABLE_CODE = YES;
				CLANG_WARN__DUPLICATE_METHOD_MATCH = YES;
				COPY_PHASE_STRIP = NO;
				DEBUG_INFORMATION_FORMAT = "dwarf-with-dsym";
				ENABLE_NS_ASSERTIONS = NO;
				ENABLE_STRICT_OBJC_MSGSEND = YES;
				ENABLE_USER_SCRIPT_SANDBOXING = YES;
				GCC_C_LANGUAGE_STANDARD = gnu17;
				GCC_NO_COMMON_BLOCKS = YES;
				GCC_WARN_64_TO_32_BIT_CONVERSION = YES;
				GCC_WARN_ABOUT_RETURN_TYPE = YES_ERROR;
				GCC_WARN_UNDECLARED_SELECTOR = YES;
				GCC_WARN_UNINITIALIZED_AUTOS = YES_AGGRESSIVE;
				GCC_WARN_UNUSED_FUNCTION = YES;
				GCC_WARN_UNUSED_VARIABLE = YES;
				IPHONEOS_DEPLOYMENT_TARGET = 17.2;
				LOCALIZATION_PREFERS_STRING_CATALOGS = YES;
				MTL_ENABLE_DEBUG_INFO = NO;
				MTL_FAST_MATH = YES;
				SDKROOT = iphoneos;
				SWIFT_COMPILATION_MODE = wholemodule;
				VALIDATE_PRODUCT = YES;
			};
			name = Release;
		};
		04BEA51F2CC6137B0011EFFD /* Debug */ = {
			isa = XCBuildConfiguration;
			buildSettings = {
				ASSETCATALOG_COMPILER_APPICON_NAME = AppIcon;
				ASSETCATALOG_COMPILER_GLOBAL_ACCENT_COLOR_NAME = AccentColor;
				CODE_SIGN_STYLE = Automatic;
				CURRENT_PROJECT_VERSION = 1;
				DEVELOPMENT_ASSET_PATHS = "\"SPNewsArticleReader/Preview Content\"";
				DEVELOPMENT_TEAM = PA86MS98Y9;
				ENABLE_PREVIEWS = YES;
				GENERATE_INFOPLIST_FILE = YES;
				INFOPLIST_FILE = SPNewsArticleReader/Info.plist;
				INFOPLIST_KEY_UIApplicationSceneManifest_Generation = YES;
				INFOPLIST_KEY_UIApplicationSupportsIndirectInputEvents = YES;
				INFOPLIST_KEY_UILaunchScreen_Generation = YES;
				INFOPLIST_KEY_UISupportedInterfaceOrientations_iPad = "UIInterfaceOrientationPortrait UIInterfaceOrientationPortraitUpsideDown UIInterfaceOrientationLandscapeLeft UIInterfaceOrientationLandscapeRight";
				INFOPLIST_KEY_UISupportedInterfaceOrientations_iPhone = "UIInterfaceOrientationPortrait UIInterfaceOrientationLandscapeLeft UIInterfaceOrientationLandscapeRight";
				IPHONEOS_DEPLOYMENT_TARGET = 15.0;
				LD_RUNPATH_SEARCH_PATHS = (
					"$(inherited)",
					"@executable_path/Frameworks",
				);
				MARKETING_VERSION = 1.0;
				PRODUCT_BUNDLE_IDENTIFIER = vishanz.SPNewsArticleReader;
				PRODUCT_NAME = "$(TARGET_NAME)";
				SWIFT_EMIT_LOC_STRINGS = YES;
				SWIFT_VERSION = 5.0;
				TARGETED_DEVICE_FAMILY = "1,2";
			};
			name = Debug;
		};
		04BEA5202CC6137B0011EFFD /* Release */ = {
			isa = XCBuildConfiguration;
			buildSettings = {
				ASSETCATALOG_COMPILER_APPICON_NAME = AppIcon;
				ASSETCATALOG_COMPILER_GLOBAL_ACCENT_COLOR_NAME = AccentColor;
				CODE_SIGN_STYLE = Automatic;
				CURRENT_PROJECT_VERSION = 1;
				DEVELOPMENT_ASSET_PATHS = "\"SPNewsArticleReader/Preview Content\"";
				DEVELOPMENT_TEAM = PA86MS98Y9;
				ENABLE_PREVIEWS = YES;
				GENERATE_INFOPLIST_FILE = YES;
				INFOPLIST_FILE = SPNewsArticleReader/Info.plist;
				INFOPLIST_KEY_UIApplicationSceneManifest_Generation = YES;
				INFOPLIST_KEY_UIApplicationSupportsIndirectInputEvents = YES;
				INFOPLIST_KEY_UILaunchScreen_Generation = YES;
				INFOPLIST_KEY_UISupportedInterfaceOrientations_iPad = "UIInterfaceOrientationPortrait UIInterfaceOrientationPortraitUpsideDown UIInterfaceOrientationLandscapeLeft UIInterfaceOrientationLandscapeRight";
				INFOPLIST_KEY_UISupportedInterfaceOrientations_iPhone = "UIInterfaceOrientationPortrait UIInterfaceOrientationLandscapeLeft UIInterfaceOrientationLandscapeRight";
				IPHONEOS_DEPLOYMENT_TARGET = 15.0;
				LD_RUNPATH_SEARCH_PATHS = (
					"$(inherited)",
					"@executable_path/Frameworks",
				);
				MARKETING_VERSION = 1.0;
				PRODUCT_BUNDLE_IDENTIFIER = vishanz.SPNewsArticleReader;
				PRODUCT_NAME = "$(TARGET_NAME)";
				SWIFT_EMIT_LOC_STRINGS = YES;
				SWIFT_VERSION = 5.0;
				TARGETED_DEVICE_FAMILY = "1,2";
			};
			name = Release;
		};
/* End XCBuildConfiguration section */

/* Begin XCConfigurationList section */
		04BEA50B2CC613770011EFFD /* Build configuration list for PBXProject "SPNewsArticleReader" */ = {
			isa = XCConfigurationList;
			buildConfigurations = (
				04BEA51C2CC6137B0011EFFD /* Debug */,
				04BEA51D2CC6137B0011EFFD /* Release */,
			);
			defaultConfigurationIsVisible = 0;
			defaultConfigurationName = Release;
		};
		04BEA51E2CC6137B0011EFFD /* Build configuration list for PBXNativeTarget "SPNewsArticleReader" */ = {
			isa = XCConfigurationList;
			buildConfigurations = (
				04BEA51F2CC6137B0011EFFD /* Debug */,
				04BEA5202CC6137B0011EFFD /* Release */,
			);
			defaultConfigurationIsVisible = 0;
			defaultConfigurationName = Release;
		};
/* End XCConfigurationList section */
	};
	rootObject = 04BEA5082CC613770011EFFD /* Project object */;
}
